// !$*UTF8*$!
{
	archiveVersion = 1;
	classes = {
	};
	objectVersion = 50;
	objects = {

/* Begin PBXBuildFile section */
		1DF9BF7926B0149B00FB7090 /* AppDelegate.swift in Sources */ = {isa = PBXBuildFile; fileRef = 1DF9BF7826B0149B00FB7090 /* AppDelegate.swift */; };
		1DF9BF7B26B0149B00FB7090 /* SceneDelegate.swift in Sources */ = {isa = PBXBuildFile; fileRef = 1DF9BF7A26B0149B00FB7090 /* SceneDelegate.swift */; };
		1DF9BF7D26B0149B00FB7090 /* ViewController.swift in Sources */ = {isa = PBXBuildFile; fileRef = 1DF9BF7C26B0149B00FB7090 /* ViewController.swift */; };
		1DF9BF8026B0149B00FB7090 /* Main.storyboard in Resources */ = {isa = PBXBuildFile; fileRef = 1DF9BF7E26B0149B00FB7090 /* Main.storyboard */; };
		1DF9BF8226B0149C00FB7090 /* Assets.xcassets in Resources */ = {isa = PBXBuildFile; fileRef = 1DF9BF8126B0149C00FB7090 /* Assets.xcassets */; };
		1DF9BF8526B0149C00FB7090 /* LaunchScreen.storyboard in Resources */ = {isa = PBXBuildFile; fileRef = 1DF9BF8326B0149C00FB7090 /* LaunchScreen.storyboard */; };
		1DF9BF8F26B02B8600FB7090 /* ButtonCollectionViewCell.xib in Resources */ = {isa = PBXBuildFile; fileRef = 1DF9BF8C26B02B8500FB7090 /* ButtonCollectionViewCell.xib */; };
		1DF9BF9026B02B8600FB7090 /* CalculatorModel.swift in Sources */ = {isa = PBXBuildFile; fileRef = 1DF9BF8D26B02B8500FB7090 /* CalculatorModel.swift */; };
		1DF9BF9126B02B8600FB7090 /* ButtonCollectionViewCell.swift in Sources */ = {isa = PBXBuildFile; fileRef = 1DF9BF8E26B02B8600FB7090 /* ButtonCollectionViewCell.swift */; };
/* End PBXBuildFile section */

/* Begin PBXFileReference section */
		1DF9BF7526B0149B00FB7090 /* AutoLayout.app */ = {isa = PBXFileReference; explicitFileType = wrapper.application; includeInIndex = 0; path = AutoLayout.app; sourceTree = BUILT_PRODUCTS_DIR; };
		1DF9BF7826B0149B00FB7090 /* AppDelegate.swift */ = {isa = PBXFileReference; lastKnownFileType = sourcecode.swift; path = AppDelegate.swift; sourceTree = "<group>"; };
		1DF9BF7A26B0149B00FB7090 /* SceneDelegate.swift */ = {isa = PBXFileReference; lastKnownFileType = sourcecode.swift; path = SceneDelegate.swift; sourceTree = "<group>"; };
		1DF9BF7C26B0149B00FB7090 /* ViewController.swift */ = {isa = PBXFileReference; lastKnownFileType = sourcecode.swift; path = ViewController.swift; sourceTree = "<group>"; };
		1DF9BF7F26B0149B00FB7090 /* Base */ = {isa = PBXFileReference; lastKnownFileType = file.storyboard; name = Base; path = Base.lproj/Main.storyboard; sourceTree = "<group>"; };
		1DF9BF8126B0149C00FB7090 /* Assets.xcassets */ = {isa = PBXFileReference; lastKnownFileType = folder.assetcatalog; path = Assets.xcassets; sourceTree = "<group>"; };
		1DF9BF8426B0149C00FB7090 /* Base */ = {isa = PBXFileReference; lastKnownFileType = file.storyboard; name = Base; path = Base.lproj/LaunchScreen.storyboard; sourceTree = "<group>"; };
		1DF9BF8626B0149C00FB7090 /* Info.plist */ = {isa = PBXFileReference; lastKnownFileType = text.plist.xml; path = Info.plist; sourceTree = "<group>"; };
		1DF9BF8C26B02B8500FB7090 /* ButtonCollectionViewCell.xib */ = {isa = PBXFileReference; fileEncoding = 4; lastKnownFileType = file.xib; path = ButtonCollectionViewCell.xib; sourceTree = "<group>"; };
		1DF9BF8D26B02B8500FB7090 /* CalculatorModel.swift */ = {isa = PBXFileReference; fileEncoding = 4; lastKnownFileType = sourcecode.swift; path = CalculatorModel.swift; sourceTree = "<group>"; };
		1DF9BF8E26B02B8600FB7090 /* ButtonCollectionViewCell.swift */ = {isa = PBXFileReference; fileEncoding = 4; lastKnownFileType = sourcecode.swift; path = ButtonCollectionViewCell.swift; sourceTree = "<group>"; };
/* End PBXFileReference section */

/* Begin PBXFrameworksBuildPhase section */
		1DF9BF7226B0149B00FB7090 /* Frameworks */ = {
			isa = PBXFrameworksBuildPhase;
			buildActionMask = 2147483647;
			files = (
			);
			runOnlyForDeploymentPostprocessing = 0;
		};
/* End PBXFrameworksBuildPhase section */

/* Begin PBXGroup section */
		1D56CE9826B1624D0098CB53 /* AppLife Cycle */ = {
			isa = PBXGroup;
			children = (
				1DF9BF7826B0149B00FB7090 /* AppDelegate.swift */,
				1DF9BF7A26B0149B00FB7090 /* SceneDelegate.swift */,
			);
			path = "AppLife Cycle";
			sourceTree = "<group>";
		};
		1D56CE9926B162F60098CB53 /* Storyboard */ = {
			isa = PBXGroup;
			children = (
				1DF9BF7E26B0149B00FB7090 /* Main.storyboard */,
				1DF9BF8326B0149C00FB7090 /* LaunchScreen.storyboard */,
			);
			path = Storyboard;
			sourceTree = "<group>";
		};
		1D56CE9A26B1630D0098CB53 /* Calculator */ = {
			isa = PBXGroup;
			children = (
				1D56CE9D26B163370098CB53 /* Model */,
				1D56CE9B26B163200098CB53 /* Controller */,
				1D56CE9C26B1632A0098CB53 /* View */,
			);
			path = Calculator;
			sourceTree = "<group>";
		};
		1D56CE9B26B163200098CB53 /* Controller */ = {
			isa = PBXGroup;
			children = (
				1DF9BF7C26B0149B00FB7090 /* ViewController.swift */,
			);
			path = Controller;
			sourceTree = "<group>";
		};
		1D56CE9C26B1632A0098CB53 /* View */ = {
			isa = PBXGroup;
			children = (
				1DF9BF8E26B02B8600FB7090 /* ButtonCollectionViewCell.swift */,
				1DF9BF8C26B02B8500FB7090 /* ButtonCollectionViewCell.xib */,
			);
			path = View;
			sourceTree = "<group>";
		};
		1D56CE9D26B163370098CB53 /* Model */ = {
			isa = PBXGroup;
			children = (
				1DF9BF8D26B02B8500FB7090 /* CalculatorModel.swift */,
			);
			path = Model;
			sourceTree = "<group>";
		};
		1DF9BF6C26B0149B00FB7090 = {
			isa = PBXGroup;
			children = (
				1DF9BF7726B0149B00FB7090 /* AutoLayout */,
				1DF9BF7626B0149B00FB7090 /* Products */,
			);
			sourceTree = "<group>";
		};
		1DF9BF7626B0149B00FB7090 /* Products */ = {
			isa = PBXGroup;
			children = (
				1DF9BF7526B0149B00FB7090 /* AutoLayout.app */,
			);
			name = Products;
			sourceTree = "<group>";
		};
		1DF9BF7726B0149B00FB7090 /* AutoLayout */ = {
			isa = PBXGroup;
			children = (
				1D56CE9A26B1630D0098CB53 /* Calculator */,
				1D56CE9826B1624D0098CB53 /* AppLife Cycle */,
				1D56CE9926B162F60098CB53 /* Storyboard */,
				1DF9BF8126B0149C00FB7090 /* Assets.xcassets */,
				1DF9BF8626B0149C00FB7090 /* Info.plist */,
			);
			path = AutoLayout;
			sourceTree = "<group>";
		};
/* End PBXGroup section */

/* Begin PBXNativeTarget section */
		1DF9BF7426B0149B00FB7090 /* AutoLayout */ = {
			isa = PBXNativeTarget;
			buildConfigurationList = 1DF9BF8926B0149C00FB7090 /* Build configuration list for PBXNativeTarget "AutoLayout" */;
			buildPhases = (
				1DF9BF7126B0149B00FB7090 /* Sources */,
				1DF9BF7226B0149B00FB7090 /* Frameworks */,
				1DF9BF7326B0149B00FB7090 /* Resources */,
			);
			buildRules = (
			);
			dependencies = (
			);
			name = AutoLayout;
			productName = AutoLayout;
			productReference = 1DF9BF7526B0149B00FB7090 /* AutoLayout.app */;
			productType = "com.apple.product-type.application";
		};
/* End PBXNativeTarget section */

/* Begin PBXProject section */
		1DF9BF6D26B0149B00FB7090 /* Project object */ = {
			isa = PBXProject;
			attributes = {
				LastSwiftUpdateCheck = 1250;
				LastUpgradeCheck = 1250;
				TargetAttributes = {
					1DF9BF7426B0149B00FB7090 = {
						CreatedOnToolsVersion = 12.5.1;
					};
				};
			};
			buildConfigurationList = 1DF9BF7026B0149B00FB7090 /* Build configuration list for PBXProject "AutoLayout" */;
			compatibilityVersion = "Xcode 9.3";
			developmentRegion = en;
			hasScannedForEncodings = 0;
			knownRegions = (
				en,
				Base,
			);
			mainGroup = 1DF9BF6C26B0149B00FB7090;
			productRefGroup = 1DF9BF7626B0149B00FB7090 /* Products */;
			projectDirPath = "";
			projectRoot = "";
			targets = (
				1DF9BF7426B0149B00FB7090 /* AutoLayout */,
			);
		};
/* End PBXProject section */

/* Begin PBXResourcesBuildPhase section */
		1DF9BF7326B0149B00FB7090 /* Resources */ = {
			isa = PBXResourcesBuildPhase;
			buildActionMask = 2147483647;
			files = (
				1DF9BF8F26B02B8600FB7090 /* ButtonCollectionViewCell.xib in Resources */,
				1DF9BF8526B0149C00FB7090 /* LaunchScreen.storyboard in Resources */,
				1DF9BF8226B0149C00FB7090 /* Assets.xcassets in Resources */,
				1DF9BF8026B0149B00FB7090 /* Main.storyboard in Resources */,
			);
			runOnlyForDeploymentPostprocessing = 0;
		};
/* End PBXResourcesBuildPhase section */

/* Begin PBXSourcesBuildPhase section */
		1DF9BF7126B0149B00FB7090 /* Sources */ = {
			isa = PBXSourcesBuildPhase;
			buildActionMask = 2147483647;
			files = (
				1DF9BF7D26B0149B00FB7090 /* ViewController.swift in Sources */,
				1DF9BF7926B0149B00FB7090 /* AppDelegate.swift in Sources */,
				1DF9BF7B26B0149B00FB7090 /* SceneDelegate.swift in Sources */,
				1DF9BF9126B02B8600FB7090 /* ButtonCollectionViewCell.swift in Sources */,
				1DF9BF9026B02B8600FB7090 /* CalculatorModel.swift in Sources */,
			);
			runOnlyForDeploymentPostprocessing = 0;
		};
/* End PBXSourcesBuildPhase section */

/* Begin PBXVariantGroup section */
		1DF9BF7E26B0149B00FB7090 /* Main.storyboard */ = {
			isa = PBXVariantGroup;
			children = (
				1DF9BF7F26B0149B00FB7090 /* Base */,
			);
			name = Main.storyboard;
			sourceTree = "<group>";
		};
		1DF9BF8326B0149C00FB7090 /* LaunchScreen.storyboard */ = {
			isa = PBXVariantGroup;
			children = (
				1DF9BF8426B0149C00FB7090 /* Base */,
			);
			name = LaunchScreen.storyboard;
			sourceTree = "<group>";
		};
/* End PBXVariantGroup section */

/* Begin XCBuildConfiguration section */
		1DF9BF8726B0149C00FB7090 /* Debug */ = {
			isa = XCBuildConfiguration;
			buildSettings = {
				ALWAYS_SEARCH_USER_PATHS = NO;
				CLANG_ANALYZER_NONNULL = YES;
				CLANG_ANALYZER_NUMBER_OBJECT_CONVERSION = YES_AGGRESSIVE;
				CLANG_CXX_LANGUAGE_STANDARD = "gnu++14";
				CLANG_CXX_LIBRARY = "libc++";
				CLANG_ENABLE_MODULES = YES;
				CLANG_ENABLE_OBJC_ARC = YES;
				CLANG_ENABLE_OBJC_WEAK = YES;
				CLANG_WARN_BLOCK_CAPTURE_AUTORELEASING = YES;
				CLANG_WARN_BOOL_CONVERSION = YES;
				CLANG_WARN_COMMA = YES;
				CLANG_WARN_CONSTANT_CONVERSION = YES;
				CLANG_WARN_DEPRECATED_OBJC_IMPLEMENTATIONS = YES;
				CLANG_WARN_DIRECT_OBJC_ISA_USAGE = YES_ERROR;
				CLANG_WARN_DOCUMENTATION_COMMENTS = YES;
				CLANG_WARN_EMPTY_BODY = YES;
				CLANG_WARN_ENUM_CONVERSION = YES;
				CLANG_WARN_INFINITE_RECURSION = YES;
				CLANG_WARN_INT_CONVERSION = YES;
				CLANG_WARN_NON_LITERAL_NULL_CONVERSION = YES;
				CLANG_WARN_OBJC_IMPLICIT_RETAIN_SELF = YES;
				CLANG_WARN_OBJC_LITERAL_CONVERSION = YES;
				CLANG_WARN_OBJC_ROOT_CLASS = YES_ERROR;
				CLANG_WARN_QUOTED_INCLUDE_IN_FRAMEWORK_HEADER = YES;
				CLANG_WARN_RANGE_LOOP_ANALYSIS = YES;
				CLANG_WARN_STRICT_PROTOTYPES = YES;
				CLANG_WARN_SUSPICIOUS_MOVE = YES;
				CLANG_WARN_UNGUARDED_AVAILABILITY = YES_AGGRESSIVE;
				CLANG_WARN_UNREACHABLE_CODE = YES;
				CLANG_WARN__DUPLICATE_METHOD_MATCH = YES;
				COPY_PHASE_STRIP = NO;
				DEBUG_INFORMATION_FORMAT = dwarf;
				ENABLE_STRICT_OBJC_MSGSEND = YES;
				ENABLE_TESTABILITY = YES;
				GCC_C_LANGUAGE_STANDARD = gnu11;
				GCC_DYNAMIC_NO_PIC = NO;
				GCC_NO_COMMON_BLOCKS = YES;
				GCC_OPTIMIZATION_LEVEL = 0;
				GCC_PREPROCESSOR_DEFINITIONS = (
					"DEBUG=1",
					"$(inherited)",
				);
				GCC_WARN_64_TO_32_BIT_CONVERSION = YES;
				GCC_WARN_ABOUT_RETURN_TYPE = YES_ERROR;
				GCC_WARN_UNDECLARED_SELECTOR = YES;
				GCC_WARN_UNINITIALIZED_AUTOS = YES_AGGRESSIVE;
				GCC_WARN_UNUSED_FUNCTION = YES;
				GCC_WARN_UNUSED_VARIABLE = YES;
				IPHONEOS_DEPLOYMENT_TARGET = 14.5;
				MTL_ENABLE_DEBUG_INFO = INCLUDE_SOURCE;
				MTL_FAST_MATH = YES;
				ONLY_ACTIVE_ARCH = YES;
				SDKROOT = iphoneos;
				SWIFT_ACTIVE_COMPILATION_CONDITIONS = DEBUG;
				SWIFT_OPTIMIZATION_LEVEL = "-Onone";
			};
			name = Debug;
		};
		1DF9BF8826B0149C00FB7090 /* Release */ = {
			isa = XCBuildConfiguration;
			buildSettings = {
				ALWAYS_SEARCH_USER_PATHS = NO;
				CLANG_ANALYZER_NONNULL = YES;
				CLANG_ANALYZER_NUMBER_OBJECT_CONVERSION = YES_AGGRESSIVE;
				CLANG_CXX_LANGUAGE_STANDARD = "gnu++14";
				CLANG_CXX_LIBRARY = "libc++";
				CLANG_ENABLE_MODULES = YES;
				CLANG_ENABLE_OBJC_ARC = YES;
				CLANG_ENABLE_OBJC_WEAK = YES;
				CLANG_WARN_BLOCK_CAPTURE_AUTORELEASING = YES;
				CLANG_WARN_BOOL_CONVERSION = YES;
				CLANG_WARN_COMMA = YES;
				CLANG_WARN_CONSTANT_CONVERSION = YES;
				CLANG_WARN_DEPRECATED_OBJC_IMPLEMENTATIONS = YES;
				CLANG_WARN_DIRECT_OBJC_ISA_USAGE = YES_ERROR;
				CLANG_WARN_DOCUMENTATION_COMMENTS = YES;
				CLANG_WARN_EMPTY_BODY = YES;
				CLANG_WARN_ENUM_CONVERSION = YES;
				CLANG_WARN_INFINITE_RECURSION = YES;
				CLANG_WARN_INT_CONVERSION = YES;
				CLANG_WARN_NON_LITERAL_NULL_CONVERSION = YES;
				CLANG_WARN_OBJC_IMPLICIT_RETAIN_SELF = YES;
				CLANG_WARN_OBJC_LITERAL_CONVERSION = YES;
				CLANG_WARN_OBJC_ROOT_CLASS = YES_ERROR;
				CLANG_WARN_QUOTED_INCLUDE_IN_FRAMEWORK_HEADER = YES;
				CLANG_WARN_RANGE_LOOP_ANALYSIS = YES;
				CLANG_WARN_STRICT_PROTOTYPES = YES;
				CLANG_WARN_SUSPICIOUS_MOVE = YES;
				CLANG_WARN_UNGUARDED_AVAILABILITY = YES_AGGRESSIVE;
				CLANG_WARN_UNREACHABLE_CODE = YES;
				CLANG_WARN__DUPLICATE_METHOD_MATCH = YES;
				COPY_PHASE_STRIP = NO;
				DEBUG_INFORMATION_FORMAT = "dwarf-with-dsym";
				ENABLE_NS_ASSERTIONS = NO;
				ENABLE_STRICT_OBJC_MSGSEND = YES;
				GCC_C_LANGUAGE_STANDARD = gnu11;
				GCC_NO_COMMON_BLOCKS = YES;
				GCC_WARN_64_TO_32_BIT_CONVERSION = YES;
				GCC_WARN_ABOUT_RETURN_TYPE = YES_ERROR;
				GCC_WARN_UNDECLARED_SELECTOR = YES;
				GCC_WARN_UNINITIALIZED_AUTOS = YES_AGGRESSIVE;
				GCC_WARN_UNUSED_FUNCTION = YES;
				GCC_WARN_UNUSED_VARIABLE = YES;
				IPHONEOS_DEPLOYMENT_TARGET = 14.5;
				MTL_ENABLE_DEBUG_INFO = NO;
				MTL_FAST_MATH = YES;
				SDKROOT = iphoneos;
				SWIFT_COMPILATION_MODE = wholemodule;
				SWIFT_OPTIMIZATION_LEVEL = "-O";
				VALIDATE_PRODUCT = YES;
			};
			name = Release;
		};
		1DF9BF8A26B0149C00FB7090 /* Debug */ = {
			isa = XCBuildConfiguration;
			buildSettings = {
				ASSETCATALOG_COMPILER_APPICON_NAME = AppIcon;
				ASSETCATALOG_COMPILER_GLOBAL_ACCENT_COLOR_NAME = AccentColor;
				CODE_SIGN_STYLE = Automatic;
				INFOPLIST_FILE = AutoLayout/Info.plist;
				LD_RUNPATH_SEARCH_PATHS = (
					"$(inherited)",
					"@executable_path/Frameworks",
				);
				PRODUCT_BUNDLE_IDENTIFIER = hitarth.AutoLayout;
				PRODUCT_NAME = "$(TARGET_NAME)";
				SWIFT_VERSION = 5.0;
				TARGETED_DEVICE_FAMILY = "1,2";
			};
			name = Debug;
		};
		1DF9BF8B26B0149C00FB7090 /* Release */ = {
			isa = XCBuildConfiguration;
			buildSettings = {
				ASSETCATALOG_COMPILER_APPICON_NAME = AppIcon;
				ASSETCATALOG_COMPILER_GLOBAL_ACCENT_COLOR_NAME = AccentColor;
				CODE_SIGN_STYLE = Automatic;
				INFOPLIST_FILE = AutoLayout/Info.plist;
				LD_RUNPATH_SEARCH_PATHS = (
					"$(inherited)",
					"@executable_path/Frameworks",
				);
				PRODUCT_BUNDLE_IDENTIFIER = hitarth.AutoLayout;
				PRODUCT_NAME = "$(TARGET_NAME)";
				SWIFT_VERSION = 5.0;
				TARGETED_DEVICE_FAMILY = "1,2";
			};
			name = Release;
		};
/* End XCBuildConfiguration section */

/* Begin XCConfigurationList section */
		1DF9BF7026B0149B00FB7090 /* Build configuration list for PBXProject "AutoLayout" */ = {
			isa = XCConfigurationList;
			buildConfigurations = (
				1DF9BF8726B0149C00FB7090 /* Debug */,
				1DF9BF8826B0149C00FB7090 /* Release */,
			);
			defaultConfigurationIsVisible = 0;
			defaultConfigurationName = Release;
		};
		1DF9BF8926B0149C00FB7090 /* Build configuration list for PBXNativeTarget "AutoLayout" */ = {
			isa = XCConfigurationList;
			buildConfigurations = (
				1DF9BF8A26B0149C00FB7090 /* Debug */,
				1DF9BF8B26B0149C00FB7090 /* Release */,
			);
			defaultConfigurationIsVisible = 0;
			defaultConfigurationName = Release;
		};
/* End XCConfigurationList section */
	};
	rootObject = 1DF9BF6D26B0149B00FB7090 /* Project object */;
}
